{
  "name": "vubon.com.bd",
  "lockfileVersion": 3,
  "requires": true,
  "packages": {
    "": {
      "name": "vubon.com.bd",
      "license": "ISC",
      "workspaces": [
        "apps/*",
        "packages/*"
      ],
      "devDependencies": {
        "@trivago/prettier-plugin-sort-imports": "^4.3.0",
        "@typescript-eslint/eslint-plugin": "^8.0.0",
        "@typescript-eslint/parser": "^8.0.0",
        "eslint": "^9.0.0",
        "eslint-config-prettier": "^9.1.0",
        "eslint-plugin-import": "^2.29.1",
        "eslint-plugin-jest": "^28.5.0",
        "eslint-plugin-prettier": "^5.1.3",
        "eslint-plugin-security": "^3.0.0",
        "prettier": "^3.2.5",
        "typescript": "^5.4.5"
      }
    },
    "node_modules/@eslint-community/eslint-utils": {
      "version": "4.4.0",
      "resolved": "https://registry.npmjs.org/@eslint-community/eslint-utils/-/eslint-utils-4.4.0.tgz",
      "integrity": "sha512-1/sA4yGtWYMWDY6goODgLNtmRjIaEK68pcoDLG9WRmQDegv5oFMihgpC+SFhRI4usdQgVe0L/gzKQZYEGWMqMA==",
      "dev": true,
      "dependencies": {
        "eslint-visitor-keys": "^3.3.0"
      },
      "engines": {
        "node": "^12.22.0 || ^14.17.0 || >=16.0.0"
      },
      "peerDependencies": {
        "eslint": "^6.0.0 || ^7.0.0 || >=8.0.0"
      }
    },
    "node_modules/@eslint-community/regexpp": {
      "version": "4.11.0",
      "resolved": "https://registry.npmjs.org/@eslint-community/regexpp/-/regexpp-4.11.0.tgz",
      "integrity": "sha512-G/M9fLvyPXo+IJKfXSJh833IQ752PI+DRQL+TBMYDZEcj11DKNH6OMJRjONWOBP+6yxDYSfYClqGyKLqDQs+gA==",
      "dev": true,
      "engines": {
        "node": "^12.0.0 || ^14.0.0 || >=16.0.0"
      }
    },
    "node_modules/@trivago/prettier-plugin-sort-imports": {
      "version": "4.3.0",
      "resolved": "https://registry.npmjs.org/@trivago/prettier-plugin-sort-imports/-/prettier-plugin-sort-imports-4.3.0.tgz",
      "integrity": "sha512-9694pHeC7M7XpC/7S6M0Y9Qn/401XGfRjsc4m9Gof97VfX0gMIn7N5W+1W1D64uP04R7Gg6Z/z88U0D00Rz4w==",
      "dev": true,
      "peerDependencies": {
        "@vue/compiler-sfc": "^3.0.0",
        "prettier": "^2.x || ^3.x"
      },
      "peerDependenciesMeta": {
        "@vue/compiler-sfc": {
          "optional": true
        }
      }
    },
    "node_modules/@typescript-eslint/eslint-plugin": {
      "version": "8.0.0",
      "resolved": "https://registry.npmjs.org/@typescript-eslint/eslint-plugin/-/eslint-plugin-8.0.0.tgz",
      "integrity": "sha512-STgY8u67vS78O8vH778RAn8W6o6V/Xh2v0vV9U6M098uY3iM+mS9R6N4kY3Uun94v/KzL2fW80Yp294bEulFA==",
      "dev": true,
      "dependencies": {
        "@eslint-community/regexpp": "^4.10.0",
        "@typescript-eslint/scope-manager": "8.0.0",
        "@typescript-eslint/type-utils": "8.0.0",
        "@typescript-eslint/utils": "8.0.0",
        "@typescript-eslint/visitor-keys": "8.0.0",
        "graphemer": "^1.4.0",
        "ignore": "^5.3.1",
        "natural-compare": "^1.4.0",
        "ts-api-utils": "^1.3.0"
      },
      "engines": {
        "node": "^18.18.0 || ^20.9.0 || >=21.1.0"
      },
      "peerDependencies": {
        "@typescript-eslint/parser": "^8.0.0",
        "eslint": "^8.57.0 || ^9.0.0"
      }
    },
    "node_modules/@typescript-eslint/parser": {
      "version": "8.0.0",
      "resolved": "https://registry.npmjs.org/@typescript-eslint/parser/-/parser-8.0.0.tgz",
      "integrity": "sha512-7MofYm97A9Y0Y677zK4r03oQv7j1Boz8mUo/9q0Gq+14kF7iK8xM5e6hO/I/SnyKswC7Cksg/X3e9hY+yba0iQ==",
      "dev": true,
      "dependencies": {
        "@typescript-eslint/scope-manager": "8.0.0",
        "@typescript-eslint/types": "8.0.0",
        "@typescript-eslint/typescript-estree": "8.0.0",
        "@typescript-eslint/visitor-keys": "8.0.0",
        "debug": "^4.3.4"
      },
      "engines": {
        "node": "^18.18.0 || ^20.9.0 || >=21.1.0"
      },
      "peerDependencies": {
        "eslint": "^8.57.0 || ^9.0.0"
      }
    },
    "node_modules/@typescript-eslint/scope-manager": {
      "version": "8.0.0",
      "resolved": "https://registry.npmjs.org/@typescript-eslint/scope-manager/-/scope-manager-8.0.0.tgz",
      "integrity": "sha512-YmN67CqC0H64I809P0O0AWeX1Rcl9I8oVbyXv4S/T0u86Vn78vJ/P8u2rXyA43Vf2R+HnJtI6g22bLw03692g==",
      "dev": true,
      "dependencies": {
        "@typescript-eslint/types": "8.0.0",
        "@typescript-eslint/visitor-keys": "8.0.0"
      },
      "engines": {
        "node": "^18.18.0 || ^20.9.0 || >=21.1.0"
      }
    },
    "node_modules/@typescript-eslint/types": {
      "version": "8.0.0",
      "resolved": "https://registry.npmjs.org/@typescript-eslint/types/-/types-8.0.0.tgz",
      "integrity": "sha512-byunvSspK6QO8qI/v3sc4G/L872BcoNEmUAtT0Bv9msh2T5kmI3+7SgclZq8qN8hU2G7LzP5b9IeB93l02VHg==",
      "dev": true,
      "engines": {
        "node": "^18.18.0 || ^20.9.0 || >=21.1.0"
      }
    },
    "node_modules/@typescript-eslint/typescript-estree": {
      "version": "8.0.0",
      "resolved": "https://registry.npmjs.org/@typescript-eslint/typescript-estree/-/typescript-estree-8.0.0.tgz",
      "integrity": "sha512-mHeE29Zf23+I8s09M7Z874zRov6z/2bSgVp8lZgN0XQfD+vUreB9pL8tS2e+f5S/WvL5fXbK/lZlQ6bsh6Olw==",
      "dev": true,
      "dependencies": {
        "@typescript-eslint/types": "8.0.0",
        "@typescript-eslint/visitor-keys": "8.0.0",
        "debug": "^4.3.4",
        "globby": "^11.1.0",
        "is-glob": "^4.0.3",
        "minimatch": "^9.0.4",
        "semver": "^7.6.0",
        "ts-api-utils": "^1.3.0"
      },
      "engines": {
        "node": "^18.18.0 || ^20.9.0 || >=21.1.0"
      }
    },
    "node_modules/@typescript-eslint/visitor-keys": {
      "version": "8.0.0",
      "resolved": "https://registry.npmjs.org/@typescript-eslint/visitor-keys/-/visitor-keys-8.0.0.tgz",
      "integrity": "sha512-vS79vO3rOkwX6XonH6Z8Q7S6/8gXvPlo7463E480P0R766G9+N3SbyfH7P6b+26p0S9yFzBfR89i/X+Xn/g1Fw==",
      "dev": true,
      "dependencies": {
        "@typescript-eslint/types": "8.0.0",
        "eslint-visitor-keys": "^3.4.3"
      },
      "engines": {
        "node": "^18.18.0 || ^20.9.0 || >=21.1.0"
      }
    },
    "node_modules/eslint-visitor-keys": {
      "version": "3.4.3",
      "resolved": "https://registry.npmjs.org/eslint-visitor-keys/-/eslint-visitor-keys-3.4.3.tgz",
      "integrity": "sha512-wpc+LXeiyiisxPlEkUzU6svyS1frIO6HCipGvUpaeRIdMUMfLF63DGc9M+Rn645ybbIvorqvQ74gpclB5f56le==",
      "dev": true,
      "engines": {
        "node": "^12.22.0 || ^14.17.0 || >=16.0.0"
      }
    },
    "node_modules/typescript": {
      "version": "5.4.5",
      "resolved": "https://registry.npmjs.org/typescript/-/typescript-5.4.5.tgz",
      "integrity": "sha512-vcI4UpRgg81oIRUFwRryardffYCmGshgSZGBv09SX5oLfu65s3kowDSLNgRKOnb93KBClT321gGp+qx0cAlYiA==",
      "dev": true,
      "bin": {
        "tsc": "bin/tsc",
        "tsserver": "bin/tsserver"
      },
      "engines": {
        "node": ">=14.17"
      }
    },
    "node_modules/prettier": {
      "version": "3.2.5",
      "resolved": "https://registry.npmjs.org/prettier/-/prettier-3.2.5.tgz",
      "integrity": "sha512-3/UCteTfaVY8G7t21AcyzsHsVkrIhBG6LIsR0NxGv6E8Zg9YQI6yI7vO3P6LqI9vIdY8v76fG9jXg6s0W8LgA==",
      "dev": true,
      "bin": {
        "prettier": "bin/prettier.cjs"
      },
      "engines": {
        "node": ">=14"
      }
    },
    "node_modules/eslint": {
      "version": "9.0.0",
      "resolved": "https://registry.npmjs.org/eslint/-/eslint-9.0.0.tgz",
      "integrity": "sha512-YmX6fHOni9VGaunXgUxsN67H7L9Gf7L8H8w8VbA6/nI6V7fP8GZ9G7L8M9H7F1uY1b9f7H1uY1b9f7H1uY1b9fA==",
      "dev": true,
      "bin": {
        "eslint": "bin/eslint.js"
      },
      "engines": {
        "node": "^18.18.0 || ^20.9.0 || >=21.1.0"
      }
    }
  }
}
