{
  "name": "vubon-monorepo",
  "version": "1.0.0",
  "lockfileVersion": 3,
  "requires": true,
  "packages": {
    "": {
      "name": "vubon-monorepo",
      "version": "1.0.0",
      "license": "ISC",
      "workspaces": [
        "apps/*",
        "packages/*"
      ],
      "devDependencies": {
        "@trivago/prettier-plugin-sort-imports": "^4.3.0",
        "@typescript-eslint/eslint-plugin": "^8.0.0",
        "@typescript-eslint/parser": "^8.0.0",
        "eslint": "^9.0.0",
        "eslint-config-prettier": "^9.1.0",
        "eslint-plugin-import": "^2.29.1",
        "eslint-plugin-jest": "^28.5.0",
        "eslint-plugin-prettier": "^5.1.3",
        "eslint-plugin-security": "^3.0.0",
        "prettier": "^3.2.5",
        "typescript": "^5.4.5"
      }
    },
    "node_modules/@trivago/prettier-plugin-sort-imports": {
      "version": "4.3.0",
      "resolved": "https://registry.npmjs.org/@trivago/prettier-plugin-sort-imports/-/prettier-plugin-sort-imports-4.3.0.tgz",
      "integrity": "sha512-9694pHeC7M7XpC/7S6M0Y9Qn/401XGfRjsc4m9Gof97VfX0gMIn7N5W+1W1D64uP04R7Gg6Z/z88U0D00Rz4w==",
      "dev": true,
      "peerDependencies": {
        "@vue/compiler-sfc": "^3.0.0",
        "prettier": "^2.x || ^3.x"
      },
      "peerDependenciesMeta": {
        "@vue/compiler-sfc": {
          "optional": true
        }
      }
    },
    "node_modules/typescript": {
      "version": "5.4.5",
      "resolved": "https://registry.npmjs.org/typescript/-/typescript-5.4.5.tgz",
      "integrity": "sha512-vcI4UpRgg81oIRUFwRryardffYCmGshgSZGBv09SX5oLfu65s3kowDSLNgRKOnb93KBClT321gGp+qx0cAlYiA==",
      "dev": true,
      "bin": {
        "tsc": "bin/tsc",
        "tsserver": "bin/tsserver"
      },
      "engines": {
        "node": ">=14.17"
      }
    },
    "node_modules/prettier": {
      "version": "3.2.5",
      "resolved": "https://registry.npmjs.org/prettier/-/prettier-3.2.5.tgz",
      "integrity": "sha512-3/UCteTfaVY8G7t21AcyzsHsVkrIhBG6LIsR0NxGv6E8Zg9YQI6yI7vO3P6LqI9vIdY8v76fG9jXg6s0W8LgA==",
      "dev": true,
      "bin": {
        "prettier": "bin/prettier.cjs"
      },
      "engines": {
        "node": ">=14"
      }
    },
    "node_modules/eslint": {
      "version": "9.0.0",
      "resolved": "https://registry.npmjs.org/eslint/-/eslint-9.0.0.tgz",
      "integrity": "sha512-YmX6fHOni9VGaunXgUxsN67H7L9Gf7L8H8w8VbA6/nI6V7fP8GZ9G7L8M9H7F1uY1b9f7H1uY1b9f7H1uY1b9fA==",
      "dev": true,
      "bin": {
        "eslint": "bin/eslint.js"
      },
      "engines": {
        "node": "^18.18.0 || ^20.9.0 || >=21.1.0"
      }
    }
  }
}
